# Generated by pub
# See https://dart.dev/tools/pub/glossary#lockfile
packages:
  async:
    dependency: "direct dev"
    description:
      name: async
      url: "https://pub.dartlang.org"
    source: hosted
    version: "2.9.0"
  clock:
    dependency: transitive
    description:
      name: clock
      url: "https://pub.dartlang.org"
    source: hosted
    version: "1.1.0"
  collection:
    dependency: transitive
    description:
      name: collection
      url: "https://pub.dartlang.org"
    source: hosted
    version: "1.16.0"
  get_it:
    dependency: "direct dev"
    description:
      name: get_it
      url: "https://pub.dartlang.org"
    source: hosted
    version: "7.2.0"
  intl:
    dependency: "direct dev"
    description:
      name: intl
      url: "https://pub.dartlang.org"
    source: hosted
    version: "0.17.0"
  lints:
    dependency: "direct dev"
    description:
      name: lints
      url: "https://pub.dartlang.org"
    source: hosted
    version: "1.0.1"
  meta:
    dependency: transitive
    description:
      name: meta
      url: "https://pub.dartlang.org"
    source: hosted
    version: "1.8.0"
  path:
    dependency: transitive
    description:
      name: path
      url: "https://pub.dartlang.org"
    source: hosted
    version: "1.8.2"
sdks:
  dart: ">=2.16.2 <3.0.0"
